
Microsoft Visual Studio Solution File, Format Version 12.00
# Visual Studio Version 17
VisualStudioVersion = 17.9.34701.34
MinimumVisualStudioVersion = 10.0.40219.1
Project("{FAE04EC0-301F-11D3-BF4B-00C04F79EFBC}") = "StoreUseCase", "StoreUseCase\StoreUseCase.csproj", "{00C5A233-F1C9-405E-BCD1-0D51A14BB096}"
EndProject
Global
	GlobalSection(SolutionConfigurationPlatforms) = preSolution
		Debug|Any CPU = Debug|Any CPU
		Release|Any CPU = Release|Any CPU
	EndGlobalSection
	GlobalSection(ProjectConfigurationPlatforms) = postSolution
		{00C5A233-F1C9-405E-BCD1-0D51A14BB096}.Debug|Any CPU.ActiveCfg = Debug|Any CPU
		{00C5A233-F1C9-405E-BCD1-0D51A14BB096}.Debug|Any CPU.Build.0 = Debug|Any CPU
		{00C5A233-F1C9-405E-BCD1-0D51A14BB096}.Release|Any CPU.ActiveCfg = Release|Any CPU
		{00C5A233-F1C9-405E-BCD1-0D51A14BB096}.Release|Any CPU.Build.0 = Release|Any CPU
	EndGlobalSection
	GlobalSection(SolutionProperties) = preSolution
		HideSolutionNode = FALSE
	EndGlobalSection
	GlobalSection(ExtensibilityGlobals) = postSolution
		SolutionGuid = {80E52918-0A20-4CE9-A906-2E313E13A4A6}
	EndGlobalSection
EndGlobal
